{
  "object": {
    "pins": [
      {
        "package": "DifferenceKit",
        "repositoryURL": "https://github.com/berbschloe/DifferenceKit.git",
        "state": {
          "branch": "berbs/remove-no-window-check",
          "revision": "753ac0c6e167ad57bdbcfb79dc4263e1f003b737",
          "version": null
        }
      }
    ]
  },
  "version": 1
}
